
Microsoft Visual Studio Solution File, Format Version 12.00
# Visual Studio Version 16
VisualStudioVersion = 16.0.29609.76
MinimumVisualStudioVersion = 10.0.40219.1
Project("{9A19103F-16F7-4668-BE54-9A1E7A4F7556}") = "AutoMatcherProject1", "AutoMatcherProject\AutoMatcherProject1.csproj", "{2B88E3CC-C853-4EBE-96B3-468EBFDA8A2F}"
EndProject
Project("{9A19103F-16F7-4668-BE54-9A1E7A4F7556}") = "BotsImpl", "BotsImpl\BotsImpl.csproj", "{71F71BE4-2BB8-4345-AE6E-1C5BCF9606A0}"
EndProject
Project("{9A19103F-16F7-4668-BE54-9A1E7A4F7556}") = "Interfaces", "Interfaces\Interfaces.csproj", "{4761B070-6789-400B-8C11-049DAC2D0B38}"
EndProject
Project("{9A19103F-16F7-4668-BE54-9A1E7A4F7556}") = "Models", "Models\Models.csproj", "{D6D53AA5-B344-41E2-8E51-AA19919A8522}"
EndProject
Project("{9A19103F-16F7-4668-BE54-9A1E7A4F7556}") = "QueuesImpl", "QueuesImpl\QueuesImpl.csproj", "{FE096D7E-50A2-40C9-89CC-1253F631F75C}"
EndProject
Project("{9A19103F-16F7-4668-BE54-9A1E7A4F7556}") = "ExecutingBots", "ExecutingBots\ExecutingBots.csproj", "{0E9EA80C-B833-499B-A9E1-9D27E782ECDC}"
EndProject
Project("{9A19103F-16F7-4668-BE54-9A1E7A4F7556}") = "ServicesImpl", "ServicesImpl\ServicesImpl.csproj", "{B4E85090-6E23-47C4-887D-D82547AE0EEB}"
EndProject
Project("{9A19103F-16F7-4668-BE54-9A1E7A4F7556}") = "RabbitMQListener", "RabbitMQListener\RabbitMQListener.csproj", "{D839ECC5-293D-4D48-B5E1-41820DF28F54}"
EndProject
Project("{9A19103F-16F7-4668-BE54-9A1E7A4F7556}") = "ConsumerScheduler", "ConsumerScheduler\ConsumerScheduler.csproj", "{DD6CB0C3-F8E3-448C-9901-6279BBDA078A}"
EndProject
Project("{9A19103F-16F7-4668-BE54-9A1E7A4F7556}") = "Utils", "Utils\Utils.csproj", "{B792D127-CEE4-416D-95CC-1246F5E66349}"
EndProject
Project("{9A19103F-16F7-4668-BE54-9A1E7A4F7556}") = "DbServices", "CredentialSaver\DbServices.csproj", "{8503AB37-4679-48B4-A86A-8A4EDF2AA5AB}"
EndProject
Global
	GlobalSection(SolutionConfigurationPlatforms) = preSolution
		Debug|Any CPU = Debug|Any CPU
		Release|Any CPU = Release|Any CPU
	EndGlobalSection
	GlobalSection(ProjectConfigurationPlatforms) = postSolution
		{2B88E3CC-C853-4EBE-96B3-468EBFDA8A2F}.Debug|Any CPU.ActiveCfg = Debug|Any CPU
		{2B88E3CC-C853-4EBE-96B3-468EBFDA8A2F}.Debug|Any CPU.Build.0 = Debug|Any CPU
		{2B88E3CC-C853-4EBE-96B3-468EBFDA8A2F}.Release|Any CPU.ActiveCfg = Release|Any CPU
		{2B88E3CC-C853-4EBE-96B3-468EBFDA8A2F}.Release|Any CPU.Build.0 = Release|Any CPU
		{71F71BE4-2BB8-4345-AE6E-1C5BCF9606A0}.Debug|Any CPU.ActiveCfg = Debug|Any CPU
		{71F71BE4-2BB8-4345-AE6E-1C5BCF9606A0}.Debug|Any CPU.Build.0 = Debug|Any CPU
		{71F71BE4-2BB8-4345-AE6E-1C5BCF9606A0}.Release|Any CPU.ActiveCfg = Release|Any CPU
		{71F71BE4-2BB8-4345-AE6E-1C5BCF9606A0}.Release|Any CPU.Build.0 = Release|Any CPU
		{4761B070-6789-400B-8C11-049DAC2D0B38}.Debug|Any CPU.ActiveCfg = Debug|Any CPU
		{4761B070-6789-400B-8C11-049DAC2D0B38}.Debug|Any CPU.Build.0 = Debug|Any CPU
		{4761B070-6789-400B-8C11-049DAC2D0B38}.Release|Any CPU.ActiveCfg = Release|Any CPU
		{4761B070-6789-400B-8C11-049DAC2D0B38}.Release|Any CPU.Build.0 = Release|Any CPU
		{D6D53AA5-B344-41E2-8E51-AA19919A8522}.Debug|Any CPU.ActiveCfg = Debug|Any CPU
		{D6D53AA5-B344-41E2-8E51-AA19919A8522}.Debug|Any CPU.Build.0 = Debug|Any CPU
		{D6D53AA5-B344-41E2-8E51-AA19919A8522}.Release|Any CPU.ActiveCfg = Release|Any CPU
		{D6D53AA5-B344-41E2-8E51-AA19919A8522}.Release|Any CPU.Build.0 = Release|Any CPU
		{FE096D7E-50A2-40C9-89CC-1253F631F75C}.Debug|Any CPU.ActiveCfg = Debug|Any CPU
		{FE096D7E-50A2-40C9-89CC-1253F631F75C}.Debug|Any CPU.Build.0 = Debug|Any CPU
		{FE096D7E-50A2-40C9-89CC-1253F631F75C}.Release|Any CPU.ActiveCfg = Release|Any CPU
		{FE096D7E-50A2-40C9-89CC-1253F631F75C}.Release|Any CPU.Build.0 = Release|Any CPU
		{0E9EA80C-B833-499B-A9E1-9D27E782ECDC}.Debug|Any CPU.ActiveCfg = Debug|Any CPU
		{0E9EA80C-B833-499B-A9E1-9D27E782ECDC}.Debug|Any CPU.Build.0 = Debug|Any CPU
		{0E9EA80C-B833-499B-A9E1-9D27E782ECDC}.Release|Any CPU.ActiveCfg = Release|Any CPU
		{0E9EA80C-B833-499B-A9E1-9D27E782ECDC}.Release|Any CPU.Build.0 = Release|Any CPU
		{B4E85090-6E23-47C4-887D-D82547AE0EEB}.Debug|Any CPU.ActiveCfg = Debug|Any CPU
		{B4E85090-6E23-47C4-887D-D82547AE0EEB}.Debug|Any CPU.Build.0 = Debug|Any CPU
		{B4E85090-6E23-47C4-887D-D82547AE0EEB}.Release|Any CPU.ActiveCfg = Release|Any CPU
		{B4E85090-6E23-47C4-887D-D82547AE0EEB}.Release|Any CPU.Build.0 = Release|Any CPU
		{D839ECC5-293D-4D48-B5E1-41820DF28F54}.Debug|Any CPU.ActiveCfg = Debug|Any CPU
		{D839ECC5-293D-4D48-B5E1-41820DF28F54}.Debug|Any CPU.Build.0 = Debug|Any CPU
		{D839ECC5-293D-4D48-B5E1-41820DF28F54}.Release|Any CPU.ActiveCfg = Release|Any CPU
		{D839ECC5-293D-4D48-B5E1-41820DF28F54}.Release|Any CPU.Build.0 = Release|Any CPU
		{DD6CB0C3-F8E3-448C-9901-6279BBDA078A}.Debug|Any CPU.ActiveCfg = Debug|Any CPU
		{DD6CB0C3-F8E3-448C-9901-6279BBDA078A}.Debug|Any CPU.Build.0 = Debug|Any CPU
		{DD6CB0C3-F8E3-448C-9901-6279BBDA078A}.Release|Any CPU.ActiveCfg = Release|Any CPU
		{DD6CB0C3-F8E3-448C-9901-6279BBDA078A}.Release|Any CPU.Build.0 = Release|Any CPU
		{B792D127-CEE4-416D-95CC-1246F5E66349}.Debug|Any CPU.ActiveCfg = Debug|Any CPU
		{B792D127-CEE4-416D-95CC-1246F5E66349}.Debug|Any CPU.Build.0 = Debug|Any CPU
		{B792D127-CEE4-416D-95CC-1246F5E66349}.Release|Any CPU.ActiveCfg = Release|Any CPU
		{B792D127-CEE4-416D-95CC-1246F5E66349}.Release|Any CPU.Build.0 = Release|Any CPU
		{8503AB37-4679-48B4-A86A-8A4EDF2AA5AB}.Debug|Any CPU.ActiveCfg = Debug|Any CPU
		{8503AB37-4679-48B4-A86A-8A4EDF2AA5AB}.Debug|Any CPU.Build.0 = Debug|Any CPU
		{8503AB37-4679-48B4-A86A-8A4EDF2AA5AB}.Release|Any CPU.ActiveCfg = Release|Any CPU
		{8503AB37-4679-48B4-A86A-8A4EDF2AA5AB}.Release|Any CPU.Build.0 = Release|Any CPU
	EndGlobalSection
	GlobalSection(SolutionProperties) = preSolution
		HideSolutionNode = FALSE
	EndGlobalSection
	GlobalSection(ExtensibilityGlobals) = postSolution
		SolutionGuid = {D7AA5CC9-BC30-413E-8205-A115A8658D9C}
	EndGlobalSection
EndGlobal
